
Microsoft Visual Studio Solution File, Format Version 12.00
# Visual Studio Version 17
VisualStudioVersion = 17.13.35806.99 d17.13
MinimumVisualStudioVersion = 10.0.40219.1
Project("{FAE04EC0-301F-11D3-BF4B-00C04F79EFBC}") = "CQRS_Sample", "CQRS_Sample\CQRS_Sample.csproj", "{BFD35A9A-C214-42F2-A0E8-97244A6A1D4E}"
EndProject
Global
	GlobalSection(SolutionConfigurationPlatforms) = preSolution
		Debug|Any CPU = Debug|Any CPU
		Release|Any CPU = Release|Any CPU
	EndGlobalSection
	GlobalSection(ProjectConfigurationPlatforms) = postSolution
		{BFD35A9A-C214-42F2-A0E8-97244A6A1D4E}.Debug|Any CPU.ActiveCfg = Debug|Any CPU
		{BFD35A9A-C214-42F2-A0E8-97244A6A1D4E}.Debug|Any CPU.Build.0 = Debug|Any CPU
		{BFD35A9A-C214-42F2-A0E8-97244A6A1D4E}.Release|Any CPU.ActiveCfg = Release|Any CPU
		{BFD35A9A-C214-42F2-A0E8-97244A6A1D4E}.Release|Any CPU.Build.0 = Release|Any CPU
	EndGlobalSection
	GlobalSection(SolutionProperties) = preSolution
		HideSolutionNode = FALSE
	EndGlobalSection
	GlobalSection(ExtensibilityGlobals) = postSolution
		SolutionGuid = {37988A88-6252-418F-94AB-7862E2B00D6E}
	EndGlobalSection
EndGlobal
